
Microsoft Visual Studio Solution File, Format Version 12.00
# Visual Studio Version 16
VisualStudioVersion = 16.0.31409.214
MinimumVisualStudioVersion = 10.0.40219.1
Project("{FAE04EC0-301F-11D3-BF4B-00C04F79EFBC}") = "Lab15_2WebAPI_DevBuild", "Lab15_2WebAPI_DevBuild\Lab15_2WebAPI_DevBuild.csproj", "{1744C4F4-A55D-404C-A2B0-8E08D76B98F6}"
EndProject
Global
	GlobalSection(SolutionConfigurationPlatforms) = preSolution
		Debug|Any CPU = Debug|Any CPU
		Release|Any CPU = Release|Any CPU
	EndGlobalSection
	GlobalSection(ProjectConfigurationPlatforms) = postSolution
		{1744C4F4-A55D-404C-A2B0-8E08D76B98F6}.Debug|Any CPU.ActiveCfg = Debug|Any CPU
		{1744C4F4-A55D-404C-A2B0-8E08D76B98F6}.Debug|Any CPU.Build.0 = Debug|Any CPU
		{1744C4F4-A55D-404C-A2B0-8E08D76B98F6}.Release|Any CPU.ActiveCfg = Release|Any CPU
		{1744C4F4-A55D-404C-A2B0-8E08D76B98F6}.Release|Any CPU.Build.0 = Release|Any CPU
	EndGlobalSection
	GlobalSection(SolutionProperties) = preSolution
		HideSolutionNode = FALSE
	EndGlobalSection
	GlobalSection(ExtensibilityGlobals) = postSolution
		SolutionGuid = {A5D46CED-992C-4D7D-8DAB-A7641C018F21}
	EndGlobalSection
EndGlobal
